
Microsoft Visual Studio Solution File, Format Version 12.00
# Visual Studio Version 17
VisualStudioVersion = 17.4.33122.133
MinimumVisualStudioVersion = 10.0.40219.1
Project("{FAE04EC0-301F-11D3-BF4B-00C04F79EFBC}") = "MvcClienteApiPersonas2023", "MvcClienteApiPersonas2023\MvcClienteApiPersonas2023.csproj", "{7E164434-15AD-4665-9B18-E22E76FE9540}"
EndProject
Global
	GlobalSection(SolutionConfigurationPlatforms) = preSolution
		Debug|Any CPU = Debug|Any CPU
		Release|Any CPU = Release|Any CPU
	EndGlobalSection
	GlobalSection(ProjectConfigurationPlatforms) = postSolution
		{7E164434-15AD-4665-9B18-E22E76FE9540}.Debug|Any CPU.ActiveCfg = Debug|Any CPU
		{7E164434-15AD-4665-9B18-E22E76FE9540}.Debug|Any CPU.Build.0 = Debug|Any CPU
		{7E164434-15AD-4665-9B18-E22E76FE9540}.Release|Any CPU.ActiveCfg = Release|Any CPU
		{7E164434-15AD-4665-9B18-E22E76FE9540}.Release|Any CPU.Build.0 = Release|Any CPU
	EndGlobalSection
	GlobalSection(SolutionProperties) = preSolution
		HideSolutionNode = FALSE
	EndGlobalSection
	GlobalSection(ExtensibilityGlobals) = postSolution
		SolutionGuid = {3545B7A1-C3B9-4D27-95B4-EBB4150FE458}
	EndGlobalSection
EndGlobal
